// !$*UTF8*$!
{
	archiveVersion = 1;
	classes = {
	};
	objectVersion = 46;
	objects = {

/* Begin PBXBuildFile section */
		EC8EA1F01BE31064008841EC /* main.m in Sources */ = {isa = PBXBuildFile; fileRef = EC8EA1EF1BE31064008841EC /* main.m */; };
		EC8EA1F31BE31064008841EC /* AppDelegate.m in Sources */ = {isa = PBXBuildFile; fileRef = EC8EA1F21BE31064008841EC /* AppDelegate.m */; };
		EC8EA1F61BE31064008841EC /* ViewController.m in Sources */ = {isa = PBXBuildFile; fileRef = EC8EA1F51BE31064008841EC /* ViewController.m */; };
		EC8EA1F91BE31064008841EC /* Main.storyboard in Resources */ = {isa = PBXBuildFile; fileRef = EC8EA1F71BE31064008841EC /* Main.storyboard */; };
		EC8EA1FB1BE31064008841EC /* Assets.xcassets in Resources */ = {isa = PBXBuildFile; fileRef = EC8EA1FA1BE31064008841EC /* Assets.xcassets */; };
		EC8EA1FE1BE31064008841EC /* LaunchScreen.storyboard in Resources */ = {isa = PBXBuildFile; fileRef = EC8EA1FC1BE31064008841EC /* LaunchScreen.storyboard */; };
		EC8EA2091BE31064008841EC /* nameTests.m in Sources */ = {isa = PBXBuildFile; fileRef = EC8EA2081BE31064008841EC /* nameTests.m */; };
		EC8EA2141BE31064008841EC /* nameUITests.m in Sources */ = {isa = PBXBuildFile; fileRef = EC8EA2131BE31064008841EC /* nameUITests.m */; };
/* End PBXBuildFile section */

/* Begin PBXContainerItemProxy section */
		EC8EA2051BE31064008841EC /* PBXContainerItemProxy */ = {
			isa = PBXContainerItemProxy;
			containerPortal = EC8EA1E31BE31063008841EC /* Project object */;
			proxyType = 1;
			remoteGlobalIDString = EC8EA1EA1BE31064008841EC;
			remoteInfo = name;
		};
		EC8EA2101BE31064008841EC /* PBXContainerItemProxy */ = {
			isa = PBXContainerItemProxy;
			containerPortal = EC8EA1E31BE31063008841EC /* Project object */;
			proxyType = 1;
			remoteGlobalIDString = EC8EA1EA1BE31064008841EC;
			remoteInfo = name;
		};
/* End PBXContainerItemProxy section */

/* Begin PBXFileReference section */
		EC8EA1EB1BE31064008841EC /* name.app */ = {isa = PBXFileReference; explicitFileType = wrapper.application; includeInIndex = 0; path = name.app; sourceTree = BUILT_PRODUCTS_DIR; };
		EC8EA1EF1BE31064008841EC /* main.m */ = {isa = PBXFileReference; lastKnownFileType = sourcecode.c.objc; path = main.m; sourceTree = "<group>"; };
		EC8EA1F11BE31064008841EC /* AppDelegate.h */ = {isa = PBXFileReference; lastKnownFileType = sourcecode.c.h; path = AppDelegate.h; sourceTree = "<group>"; };
		EC8EA1F21BE31064008841EC /* AppDelegate.m */ = {isa = PBXFileReference; lastKnownFileType = sourcecode.c.objc; path = AppDelegate.m; sourceTree = "<group>"; };
		EC8EA1F41BE31064008841EC /* ViewController.h */ = {isa = PBXFileReference; lastKnownFileType = sourcecode.c.h; path = ViewController.h; sourceTree = "<group>"; };
		EC8EA1F51BE31064008841EC /* ViewController.m */ = {isa = PBXFileReference; lastKnownFileType = sourcecode.c.objc; path = ViewController.m; sourceTree = "<group>"; };
		EC8EA1F81BE31064008841EC /* Base */ = {isa = PBXFileReference; lastKnownFileType = file.storyboard; name = Base; path = Base.lproj/Main.storyboard; sourceTree = "<group>"; };
		EC8EA1FA1BE31064008841EC /* Assets.xcassets */ = {isa = PBXFileReference; lastKnownFileType = folder.assetcatalog; path = Assets.xcassets; sourceTree = "<group>"; };
		EC8EA1FD1BE31064008841EC /* Base */ = {isa = PBXFileReference; lastKnownFileType = file.storyboard; name = Base; path = Base.lproj/LaunchScreen.storyboard; sourceTree = "<group>"; };
		EC8EA1FF1BE31064008841EC /* Info.plist */ = {isa = PBXFileReference; lastKnownFileType = text.plist.xml; path = Info.plist; sourceTree = "<group>"; };
		EC8EA2041BE31064008841EC /* nameTests.xctest */ = {isa = PBXFileReference; explicitFileType = wrapper.cfbundle; includeInIndex = 0; path = nameTests.xctest; sourceTree = BUILT_PRODUCTS_DIR; };
		EC8EA2081BE31064008841EC /* nameTests.m */ = {isa = PBXFileReference; lastKnownFileType = sourcecode.c.objc; path = nameTests.m; sourceTree = "<group>"; };
		EC8EA20A1BE31064008841EC /* Info.plist */ = {isa = PBXFileReference; lastKnownFileType = text.plist.xml; path = Info.plist; sourceTree = "<group>"; };
		EC8EA20F1BE31064008841EC /* nameUITests.xctest */ = {isa = PBXFileReference; explicitFileType = wrapper.cfbundle; includeInIndex = 0; path = nameUITests.xctest; sourceTree = BUILT_PRODUCTS_DIR; };
		EC8EA2131BE31064008841EC /* nameUITests.m */ = {isa = PBXFileReference; lastKnownFileType = sourcecode.c.objc; path = nameUITests.m; sourceTree = "<group>"; };
		EC8EA2151BE31064008841EC /* Info.plist */ = {isa = PBXFileReference; lastKnownFileType = text.plist.xml; path = Info.plist; sourceTree = "<group>"; };
/* End PBXFileReference section */

/* Begin PBXFrameworksBuildPhase section */
		EC8EA1E81BE31064008841EC /* Frameworks */ = {
			isa = PBXFrameworksBuildPhase;
			buildActionMask = 2147483647;
			files = (
			);
			runOnlyForDeploymentPostprocessing = 0;
		};
		EC8EA2011BE31064008841EC /* Frameworks */ = {
			isa = PBXFrameworksBuildPhase;
			buildActionMask = 2147483647;
			files = (
			);
			runOnlyForDeploymentPostprocessing = 0;
		};
		EC8EA20C1BE31064008841EC /* Frameworks */ = {
			isa = PBXFrameworksBuildPhase;
			buildActionMask = 2147483647;
			files = (
			);
			runOnlyForDeploymentPostprocessing = 0;
		};
/* End PBXFrameworksBuildPhase section */

/* Begin PBXGroup section */
		EC8EA1E21BE31063008841EC = {
			isa = PBXGroup;
			children = (
				EC8EA1ED1BE31064008841EC /* name */,
				EC8EA2071BE31064008841EC /* nameTests */,
				EC8EA2121BE31064008841EC /* nameUITests */,
				EC8EA1EC1BE31064008841EC /* Products */,
			);
			sourceTree = "<group>";
		};
		EC8EA1EC1BE31064008841EC /* Products */ = {
			isa = PBXGroup;
			children = (
				EC8EA1EB1BE31064008841EC /* name.app */,
				EC8EA2041BE31064008841EC /* nameTests.xctest */,
				EC8EA20F1BE31064008841EC /* nameUITests.xctest */,
			);
			name = Products;
			sourceTree = "<group>";
		};
		EC8EA1ED1BE31064008841EC /* name */ = {
			isa = PBXGroup;
			children = (
				EC8EA1F11BE31064008841EC /* AppDelegate.h */,
				EC8EA1F21BE31064008841EC /* AppDelegate.m */,
				EC8EA1F41BE31064008841EC /* ViewController.h */,
				EC8EA1F51BE31064008841EC /* ViewController.m */,
				EC8EA1F71BE31064008841EC /* Main.storyboard */,
				EC8EA1FA1BE31064008841EC /* Assets.xcassets */,
				EC8EA1FC1BE31064008841EC /* LaunchScreen.storyboard */,
				EC8EA1FF1BE31064008841EC /* Info.plist */,
				EC8EA1EE1BE31064008841EC /* Supporting Files */,
			);
			path = name;
			sourceTree = "<group>";
		};
		EC8EA1EE1BE31064008841EC /* Supporting Files */ = {
			isa = PBXGroup;
			children = (
				EC8EA1EF1BE31064008841EC /* main.m */,
			);
			name = "Supporting Files";
			sourceTree = "<group>";
		};
		EC8EA2071BE31064008841EC /* nameTests */ = {
			isa = PBXGroup;
			children = (
				EC8EA2081BE31064008841EC /* nameTests.m */,
				EC8EA20A1BE31064008841EC /* Info.plist */,
			);
			path = nameTests;
			sourceTree = "<group>";
		};
		EC8EA2121BE31064008841EC /* nameUITests */ = {
			isa = PBXGroup;
			children = (
				EC8EA2131BE31064008841EC /* nameUITests.m */,
				EC8EA2151BE31064008841EC /* Info.plist */,
			);
			path = nameUITests;
			sourceTree = "<group>";
		};
/* End PBXGroup section */

/* Begin PBXNativeTarget section */
		EC8EA1EA1BE31064008841EC /* name */ = {
			isa = PBXNativeTarget;
			buildConfigurationList = EC8EA2181BE31064008841EC /* Build configuration list for PBXNativeTarget "name" */;
			buildPhases = (
				EC8EA1E71BE31064008841EC /* Sources */,
				EC8EA1E81BE31064008841EC /* Frameworks */,
				EC8EA1E91BE31064008841EC /* Resources */,
			);
			buildRules = (
			);
			dependencies = (
			);
			name = name;
			productName = name;
			productReference = EC8EA1EB1BE31064008841EC /* name.app */;
			productType = "com.apple.product-type.application";
		};
		EC8EA2031BE31064008841EC /* nameTests */ = {
			isa = PBXNativeTarget;
			buildConfigurationList = EC8EA21B1BE31064008841EC /* Build configuration list for PBXNativeTarget "nameTests" */;
			buildPhases = (
				EC8EA2001BE31064008841EC /* Sources */,
				EC8EA2011BE31064008841EC /* Frameworks */,
				EC8EA2021BE31064008841EC /* Resources */,
			);
			buildRules = (
			);
			dependencies = (
				EC8EA2061BE31064008841EC /* PBXTargetDependency */,
			);
			name = nameTests;
			productName = nameTests;
			productReference = EC8EA2041BE31064008841EC /* nameTests.xctest */;
			productType = "com.apple.product-type.bundle.unit-test";
		};
		EC8EA20E1BE31064008841EC /* nameUITests */ = {
			isa = PBXNativeTarget;
			buildConfigurationList = EC8EA21E1BE31064008841EC /* Build configuration list for PBXNativeTarget "nameUITests" */;
			buildPhases = (
				EC8EA20B1BE31064008841EC /* Sources */,
				EC8EA20C1BE31064008841EC /* Frameworks */,
				EC8EA20D1BE31064008841EC /* Resources */,
			);
			buildRules = (
			);
			dependencies = (
				EC8EA2111BE31064008841EC /* PBXTargetDependency */,
			);
			name = nameUITests;
			productName = nameUITests;
			productReference = EC8EA20F1BE31064008841EC /* nameUITests.xctest */;
			productType = "com.apple.product-type.bundle.ui-testing";
		};
/* End PBXNativeTarget section */

/* Begin PBXProject section */
		EC8EA1E31BE31063008841EC /* Project object */ = {
			isa = PBXProject;
			attributes = {
				LastUpgradeCheck = 0710;
				ORGANIZATIONNAME = hzdracom;
				TargetAttributes = {
					EC8EA1EA1BE31064008841EC = {
						CreatedOnToolsVersion = 7.1;
					};
					EC8EA2031BE31064008841EC = {
						CreatedOnToolsVersion = 7.1;
						TestTargetID = EC8EA1EA1BE31064008841EC;
					};
					EC8EA20E1BE31064008841EC = {
						CreatedOnToolsVersion = 7.1;
						TestTargetID = EC8EA1EA1BE31064008841EC;
					};
				};
			};
			buildConfigurationList = EC8EA1E61BE31063008841EC /* Build configuration list for PBXProject "name" */;
			compatibilityVersion = "Xcode 3.2";
			developmentRegion = English;
			hasScannedForEncodings = 0;
			knownRegions = (
				en,
				Base,
			);
			mainGroup = EC8EA1E21BE31063008841EC;
			productRefGroup = EC8EA1EC1BE31064008841EC /* Products */;
			projectDirPath = "";
			projectRoot = "";
			targets = (
				EC8EA1EA1BE31064008841EC /* name */,
				EC8EA2031BE31064008841EC /* nameTests */,
				EC8EA20E1BE31064008841EC /* nameUITests */,
			);
		};
/* End PBXProject section */

/* Begin PBXResourcesBuildPhase section */
		EC8EA1E91BE31064008841EC /* Resources */ = {
			isa = PBXResourcesBuildPhase;
			buildActionMask = 2147483647;
			files = (
				EC8EA1FE1BE31064008841EC /* LaunchScreen.storyboard in Resources */,
				EC8EA1FB1BE31064008841EC /* Assets.xcassets in Resources */,
				EC8EA1F91BE31064008841EC /* Main.storyboard in Resources */,
			);
			runOnlyForDeploymentPostprocessing = 0;
		};
		EC8EA2021BE31064008841EC /* Resources */ = {
			isa = PBXResourcesBuildPhase;
			buildActionMask = 2147483647;
			files = (
			);
			runOnlyForDeploymentPostprocessing = 0;
		};
		EC8EA20D1BE31064008841EC /* Resources */ = {
			isa = PBXResourcesBuildPhase;
			buildActionMask = 2147483647;
			files = (
			);
			runOnlyForDeploymentPostprocessing = 0;
		};
/* End PBXResourcesBuildPhase section */

/* Begin PBXSourcesBuildPhase section */
		EC8EA1E71BE31064008841EC /* Sources */ = {
			isa = PBXSourcesBuildPhase;
			buildActionMask = 2147483647;
			files = (
				EC8EA1F61BE31064008841EC /* ViewController.m in Sources */,
				EC8EA1F31BE31064008841EC /* AppDelegate.m in Sources */,
				EC8EA1F01BE31064008841EC /* main.m in Sources */,
			);
			runOnlyForDeploymentPostprocessing = 0;
		};
		EC8EA2001BE31064008841EC /* Sources */ = {
			isa = PBXSourcesBuildPhase;
			buildActionMask = 2147483647;
			files = (
				EC8EA2091BE31064008841EC /* nameTests.m in Sources */,
			);
			runOnlyForDeploymentPostprocessing = 0;
		};
		EC8EA20B1BE31064008841EC /* Sources */ = {
			isa = PBXSourcesBuildPhase;
			buildActionMask = 2147483647;
			files = (
				EC8EA2141BE31064008841EC /* nameUITests.m in Sources */,
			);
			runOnlyForDeploymentPostprocessing = 0;
		};
/* End PBXSourcesBuildPhase section */

/* Begin PBXTargetDependency section */
		EC8EA2061BE31064008841EC /* PBXTargetDependency */ = {
			isa = PBXTargetDependency;
			target = EC8EA1EA1BE31064008841EC /* name */;
			targetProxy = EC8EA2051BE31064008841EC /* PBXContainerItemProxy */;
		};
		EC8EA2111BE31064008841EC /* PBXTargetDependency */ = {
			isa = PBXTargetDependency;
			target = EC8EA1EA1BE31064008841EC /* name */;
			targetProxy = EC8EA2101BE31064008841EC /* PBXContainerItemProxy */;
		};
/* End PBXTargetDependency section */

/* Begin PBXVariantGroup section */
		EC8EA1F71BE31064008841EC /* Main.storyboard */ = {
			isa = PBXVariantGroup;
			children = (
				EC8EA1F81BE31064008841EC /* Base */,
			);
			name = Main.storyboard;
			sourceTree = "<group>";
		};
		EC8EA1FC1BE31064008841EC /* LaunchScreen.storyboard */ = {
			isa = PBXVariantGroup;
			children = (
				EC8EA1FD1BE31064008841EC /* Base */,
			);
			name = LaunchScreen.storyboard;
			sourceTree = "<group>";
		};
/* End PBXVariantGroup section */

/* Begin XCBuildConfiguration section */
		EC8EA2161BE31064008841EC /* Debug */ = {
			isa = XCBuildConfiguration;
			buildSettings = {
				ALWAYS_SEARCH_USER_PATHS = NO;
				CLANG_CXX_LANGUAGE_STANDARD = "gnu++0x";
				CLANG_CXX_LIBRARY = "libc++";
				CLANG_ENABLE_MODULES = YES;
				CLANG_ENABLE_OBJC_ARC = YES;
				CLANG_WARN_BOOL_CONVERSION = YES;
				CLANG_WARN_CONSTANT_CONVERSION = YES;
				CLANG_WARN_DIRECT_OBJC_ISA_USAGE = YES_ERROR;
				CLANG_WARN_EMPTY_BODY = YES;
				CLANG_WARN_ENUM_CONVERSION = YES;
				CLANG_WARN_INT_CONVERSION = YES;
				CLANG_WARN_OBJC_ROOT_CLASS = YES_ERROR;
				CLANG_WARN_UNREACHABLE_CODE = YES;
				CLANG_WARN__DUPLICATE_METHOD_MATCH = YES;
				"CODE_SIGN_IDENTITY[sdk=iphoneos*]" = "iPhone Developer";
				COPY_PHASE_STRIP = NO;
				DEBUG_INFORMATION_FORMAT = dwarf;
				ENABLE_STRICT_OBJC_MSGSEND = YES;
				ENABLE_TESTABILITY = YES;
				GCC_C_LANGUAGE_STANDARD = gnu99;
				GCC_DYNAMIC_NO_PIC = NO;
				GCC_NO_COMMON_BLOCKS = YES;
				GCC_OPTIMIZATION_LEVEL = 0;
				GCC_PREPROCESSOR_DEFINITIONS = (
					"DEBUG=1",
					"$(inherited)",
				);
				GCC_WARN_64_TO_32_BIT_CONVERSION = YES;
				GCC_WARN_ABOUT_RETURN_TYPE = YES_ERROR;
				GCC_WARN_UNDECLARED_SELECTOR = YES;
				GCC_WARN_UNINITIALIZED_AUTOS = YES_AGGRESSIVE;
				GCC_WARN_UNUSED_FUNCTION = YES;
				GCC_WARN_UNUSED_VARIABLE = YES;
				IPHONEOS_DEPLOYMENT_TARGET = 9.1;
				MTL_ENABLE_DEBUG_INFO = YES;
				ONLY_ACTIVE_ARCH = YES;
				SDKROOT = iphoneos;
				TARGETED_DEVICE_FAMILY = "1,2";
			};
			name = Debug;
		};
		EC8EA2171BE31064008841EC /* Release */ = {
			isa = XCBuildConfiguration;
			buildSettings = {
				ALWAYS_SEARCH_USER_PATHS = NO;
				CLANG_CXX_LANGUAGE_STANDARD = "gnu++0x";
				CLANG_CXX_LIBRARY = "libc++";
				CLANG_ENABLE_MODULES = YES;
				CLANG_ENABLE_OBJC_ARC = YES;
				CLANG_WARN_BOOL_CONVERSION = YES;
				CLANG_WARN_CONSTANT_CONVERSION = YES;
				CLANG_WARN_DIRECT_OBJC_ISA_USAGE = YES_ERROR;
				CLANG_WARN_EMPTY_BODY = YES;
				CLANG_WARN_ENUM_CONVERSION = YES;
				CLANG_WARN_INT_CONVERSION = YES;
				CLANG_WARN_OBJC_ROOT_CLASS = YES_ERROR;
				CLANG_WARN_UNREACHABLE_CODE = YES;
				CLANG_WARN__DUPLICATE_METHOD_MATCH = YES;
				"CODE_SIGN_IDENTITY[sdk=iphoneos*]" = "iPhone Developer";
				COPY_PHASE_STRIP = NO;
				DEBUG_INFORMATION_FORMAT = "dwarf-with-dsym";
				ENABLE_NS_ASSERTIONS = NO;
				ENABLE_STRICT_OBJC_MSGSEND = YES;
				GCC_C_LANGUAGE_STANDARD = gnu99;
				GCC_NO_COMMON_BLOCKS = YES;
				GCC_WARN_64_TO_32_BIT_CONVERSION = YES;
				GCC_WARN_ABOUT_RETURN_TYPE = YES_ERROR;
				GCC_WARN_UNDECLARED_SELECTOR = YES;
				GCC_WARN_UNINITIALIZED_AUTOS = YES_AGGRESSIVE;
				GCC_WARN_UNUSED_FUNCTION = YES;
				GCC_WARN_UNUSED_VARIABLE = YES;
				IPHONEOS_DEPLOYMENT_TARGET = 9.1;
				MTL_ENABLE_DEBUG_INFO = NO;
				SDKROOT = iphoneos;
				TARGETED_DEVICE_FAMILY = "1,2";
				VALIDATE_PRODUCT = YES;
			};
			name = Release;
		};
		EC8EA2191BE31064008841EC /* Debug */ = {
			isa = XCBuildConfiguration;
			buildSettings = {
				ASSETCATALOG_COMPILER_APPICON_NAME = AppIcon;
				INFOPLIST_FILE = name/Info.plist;
				LD_RUNPATH_SEARCH_PATHS = "$(inherited) @executable_path/Frameworks";
				PRODUCT_BUNDLE_IDENTIFIER = "-14.name";
				PRODUCT_NAME = "$(TARGET_NAME)";
			};
			name = Debug;
		};
		EC8EA21A1BE31064008841EC /* Release */ = {
			isa = XCBuildConfiguration;
			buildSettings = {
				ASSETCATALOG_COMPILER_APPICON_NAME = AppIcon;
				INFOPLIST_FILE = name/Info.plist;
				LD_RUNPATH_SEARCH_PATHS = "$(inherited) @executable_path/Frameworks";
				PRODUCT_BUNDLE_IDENTIFIER = "-14.name";
				PRODUCT_NAME = "$(TARGET_NAME)";
			};
			name = Release;
		};
		EC8EA21C1BE31064008841EC /* Debug */ = {
			isa = XCBuildConfiguration;
			buildSettings = {
				BUNDLE_LOADER = "$(TEST_HOST)";
				INFOPLIST_FILE = nameTests/Info.plist;
				LD_RUNPATH_SEARCH_PATHS = "$(inherited) @executable_path/Frameworks @loader_path/Frameworks";
				PRODUCT_BUNDLE_IDENTIFIER = "-14.nameTests";
				PRODUCT_NAME = "$(TARGET_NAME)";
				TEST_HOST = "$(BUILT_PRODUCTS_DIR)/name.app/name";
			};
			name = Debug;
		};
		EC8EA21D1BE31064008841EC /* Release */ = {
			isa = XCBuildConfiguration;
			buildSettings = {
				BUNDLE_LOADER = "$(TEST_HOST)";
				INFOPLIST_FILE = nameTests/Info.plist;
				LD_RUNPATH_SEARCH_PATHS = "$(inherited) @executable_path/Frameworks @loader_path/Frameworks";
				PRODUCT_BUNDLE_IDENTIFIER = "-14.nameTests";
				PRODUCT_NAME = "$(TARGET_NAME)";
				TEST_HOST = "$(BUILT_PRODUCTS_DIR)/name.app/name";
			};
			name = Release;
		};
		EC8EA21F1BE31064008841EC /* Debug */ = {
			isa = XCBuildConfiguration;
			buildSettings = {
				INFOPLIST_FILE = nameUITests/Info.plist;
				LD_RUNPATH_SEARCH_PATHS = "$(inherited) @executable_path/Frameworks @loader_path/Frameworks";
				PRODUCT_BUNDLE_IDENTIFIER = "-14.nameUITests";
				PRODUCT_NAME = "$(TARGET_NAME)";
				TEST_TARGET_NAME = name;
				USES_XCTRUNNER = YES;
			};
			name = Debug;
		};
		EC8EA2201BE31064008841EC /* Release */ = {
			isa = XCBuildConfiguration;
			buildSettings = {
				INFOPLIST_FILE = nameUITests/Info.plist;
				LD_RUNPATH_SEARCH_PATHS = "$(inherited) @executable_path/Frameworks @loader_path/Frameworks";
				PRODUCT_BUNDLE_IDENTIFIER = "-14.nameUITests";
				PRODUCT_NAME = "$(TARGET_NAME)";
				TEST_TARGET_NAME = name;
				USES_XCTRUNNER = YES;
			};
			name = Release;
		};
/* End XCBuildConfiguration section */

/* Begin XCConfigurationList section */
		EC8EA1E61BE31063008841EC /* Build configuration list for PBXProject "name" */ = {
			isa = XCConfigurationList;
			buildConfigurations = (
				EC8EA2161BE31064008841EC /* Debug */,
				EC8EA2171BE31064008841EC /* Release */,
			);
			defaultConfigurationIsVisible = 0;
			defaultConfigurationName = Release;
		};
		EC8EA2181BE31064008841EC /* Build configuration list for PBXNativeTarget "name" */ = {
			isa = XCConfigurationList;
			buildConfigurations = (
				EC8EA2191BE31064008841EC /* Debug */,
				EC8EA21A1BE31064008841EC /* Release */,
			);
			defaultConfigurationIsVisible = 0;
		};
		EC8EA21B1BE31064008841EC /* Build configuration list for PBXNativeTarget "nameTests" */ = {
			isa = XCConfigurationList;
			buildConfigurations = (
				EC8EA21C1BE31064008841EC /* Debug */,
				EC8EA21D1BE31064008841EC /* Release */,
			);
			defaultConfigurationIsVisible = 0;
		};
		EC8EA21E1BE31064008841EC /* Build configuration list for PBXNativeTarget "nameUITests" */ = {
			isa = XCConfigurationList;
			buildConfigurations = (
				EC8EA21F1BE31064008841EC /* Debug */,
				EC8EA2201BE31064008841EC /* Release */,
			);
			defaultConfigurationIsVisible = 0;
		};
/* End XCConfigurationList section */
	};
	rootObject = EC8EA1E31BE31063008841EC /* Project object */;
}
